// !$*UTF8*$!
{
	archiveVersion = 1;
	classes = {
	};
	objectVersion = 50;
	objects = {

/* Begin PBXBuildFile section */
		80ABB11A2435DA58007E839D /* AppDelegate.swift in Sources */ = {isa = PBXBuildFile; fileRef = 80ABB1192435DA58007E839D /* AppDelegate.swift */; };
		80ABB11E2435DA58007E839D /* ViewController.swift in Sources */ = {isa = PBXBuildFile; fileRef = 80ABB11D2435DA58007E839D /* ViewController.swift */; };
		80ABB1212435DA58007E839D /* Main.storyboard in Resources */ = {isa = PBXBuildFile; fileRef = 80ABB11F2435DA58007E839D /* Main.storyboard */; };
		80ABB1232435DA5A007E839D /* Assets.xcassets in Resources */ = {isa = PBXBuildFile; fileRef = 80ABB1222435DA5A007E839D /* Assets.xcassets */; };
		80ABB1262435DA5A007E839D /* LaunchScreen.storyboard in Resources */ = {isa = PBXBuildFile; fileRef = 80ABB1242435DA5A007E839D /* LaunchScreen.storyboard */; };
		80C997622444652100AC0DE0 /* MyOperation.swift in Sources */ = {isa = PBXBuildFile; fileRef = 80C997612444652100AC0DE0 /* MyOperation.swift */; };
		80C99764244469CE00AC0DE0 /* FetchFilesOperation.swift in Sources */ = {isa = PBXBuildFile; fileRef = 80C99763244469CE00AC0DE0 /* FetchFilesOperation.swift */; };
/* End PBXBuildFile section */

/* Begin PBXFileReference section */
		80ABB1162435DA58007E839D /* BgTasks.app */ = {isa = PBXFileReference; explicitFileType = wrapper.application; includeInIndex = 0; path = BgTasks.app; sourceTree = BUILT_PRODUCTS_DIR; };
		80ABB1192435DA58007E839D /* AppDelegate.swift */ = {isa = PBXFileReference; lastKnownFileType = sourcecode.swift; path = AppDelegate.swift; sourceTree = "<group>"; };
		80ABB11D2435DA58007E839D /* ViewController.swift */ = {isa = PBXFileReference; lastKnownFileType = sourcecode.swift; path = ViewController.swift; sourceTree = "<group>"; };
		80ABB1202435DA58007E839D /* Base */ = {isa = PBXFileReference; lastKnownFileType = file.storyboard; name = Base; path = Base.lproj/Main.storyboard; sourceTree = "<group>"; };
		80ABB1222435DA5A007E839D /* Assets.xcassets */ = {isa = PBXFileReference; lastKnownFileType = folder.assetcatalog; path = Assets.xcassets; sourceTree = "<group>"; };
		80ABB1252435DA5A007E839D /* Base */ = {isa = PBXFileReference; lastKnownFileType = file.storyboard; name = Base; path = Base.lproj/LaunchScreen.storyboard; sourceTree = "<group>"; };
		80ABB1272435DA5A007E839D /* Info.plist */ = {isa = PBXFileReference; lastKnownFileType = text.plist.xml; path = Info.plist; sourceTree = "<group>"; };
		80C997612444652100AC0DE0 /* MyOperation.swift */ = {isa = PBXFileReference; lastKnownFileType = sourcecode.swift; path = MyOperation.swift; sourceTree = "<group>"; };
		80C99763244469CE00AC0DE0 /* FetchFilesOperation.swift */ = {isa = PBXFileReference; fileEncoding = 4; lastKnownFileType = sourcecode.swift; path = FetchFilesOperation.swift; sourceTree = "<group>"; };
/* End PBXFileReference section */

/* Begin PBXFrameworksBuildPhase section */
		80ABB1132435DA58007E839D /* Frameworks */ = {
			isa = PBXFrameworksBuildPhase;
			buildActionMask = 2147483647;
			files = (
			);
			runOnlyForDeploymentPostprocessing = 0;
		};
/* End PBXFrameworksBuildPhase section */

/* Begin PBXGroup section */
		80ABB10D2435DA58007E839D = {
			isa = PBXGroup;
			children = (
				80ABB1182435DA58007E839D /* BgTasks */,
				80ABB1172435DA58007E839D /* Products */,
			);
			sourceTree = "<group>";
		};
		80ABB1172435DA58007E839D /* Products */ = {
			isa = PBXGroup;
			children = (
				80ABB1162435DA58007E839D /* BgTasks.app */,
			);
			name = Products;
			sourceTree = "<group>";
		};
		80ABB1182435DA58007E839D /* BgTasks */ = {
			isa = PBXGroup;
			children = (
				80ABB1192435DA58007E839D /* AppDelegate.swift */,
				80ABB11D2435DA58007E839D /* ViewController.swift */,
				80C99763244469CE00AC0DE0 /* FetchFilesOperation.swift */,
				80C997612444652100AC0DE0 /* MyOperation.swift */,
				80ABB11F2435DA58007E839D /* Main.storyboard */,
				80ABB1222435DA5A007E839D /* Assets.xcassets */,
				80ABB1242435DA5A007E839D /* LaunchScreen.storyboard */,
				80ABB1272435DA5A007E839D /* Info.plist */,
			);
			path = BgTasks;
			sourceTree = "<group>";
		};
/* End PBXGroup section */

/* Begin PBXNativeTarget section */
		80ABB1152435DA58007E839D /* BgTasks */ = {
			isa = PBXNativeTarget;
			buildConfigurationList = 80ABB12A2435DA5A007E839D /* Build configuration list for PBXNativeTarget "BgTasks" */;
			buildPhases = (
				80ABB1122435DA58007E839D /* Sources */,
				80ABB1132435DA58007E839D /* Frameworks */,
				80ABB1142435DA58007E839D /* Resources */,
			);
			buildRules = (
			);
			dependencies = (
			);
			name = BgTasks;
			productName = BgTasks;
			productReference = 80ABB1162435DA58007E839D /* BgTasks.app */;
			productType = "com.apple.product-type.application";
		};
/* End PBXNativeTarget section */

/* Begin PBXProject section */
		80ABB10E2435DA58007E839D /* Project object */ = {
			isa = PBXProject;
			attributes = {
				LastSwiftUpdateCheck = 1110;
				LastUpgradeCheck = 1110;
				ORGANIZATIONNAME = jc;
				TargetAttributes = {
					80ABB1152435DA58007E839D = {
						CreatedOnToolsVersion = 11.1;
					};
				};
			};
			buildConfigurationList = 80ABB1112435DA58007E839D /* Build configuration list for PBXProject "BgTasks" */;
			compatibilityVersion = "Xcode 9.3";
			developmentRegion = en;
			hasScannedForEncodings = 0;
			knownRegions = (
				en,
				Base,
			);
			mainGroup = 80ABB10D2435DA58007E839D;
			productRefGroup = 80ABB1172435DA58007E839D /* Products */;
			projectDirPath = "";
			projectRoot = "";
			targets = (
				80ABB1152435DA58007E839D /* BgTasks */,
			);
		};
/* End PBXProject section */

/* Begin PBXResourcesBuildPhase section */
		80ABB1142435DA58007E839D /* Resources */ = {
			isa = PBXResourcesBuildPhase;
			buildActionMask = 2147483647;
			files = (
				80ABB1262435DA5A007E839D /* LaunchScreen.storyboard in Resources */,
				80ABB1232435DA5A007E839D /* Assets.xcassets in Resources */,
				80ABB1212435DA58007E839D /* Main.storyboard in Resources */,
			);
			runOnlyForDeploymentPostprocessing = 0;
		};
/* End PBXResourcesBuildPhase section */

/* Begin PBXSourcesBuildPhase section */
		80ABB1122435DA58007E839D /* Sources */ = {
			isa = PBXSourcesBuildPhase;
			buildActionMask = 2147483647;
			files = (
				80ABB11E2435DA58007E839D /* ViewController.swift in Sources */,
				80C99764244469CE00AC0DE0 /* FetchFilesOperation.swift in Sources */,
				80C997622444652100AC0DE0 /* MyOperation.swift in Sources */,
				80ABB11A2435DA58007E839D /* AppDelegate.swift in Sources */,
			);
			runOnlyForDeploymentPostprocessing = 0;
		};
/* End PBXSourcesBuildPhase section */

/* Begin PBXVariantGroup section */
		80ABB11F2435DA58007E839D /* Main.storyboard */ = {
			isa = PBXVariantGroup;
			children = (
				80ABB1202435DA58007E839D /* Base */,
			);
			name = Main.storyboard;
			sourceTree = "<group>";
		};
		80ABB1242435DA5A007E839D /* LaunchScreen.storyboard */ = {
			isa = PBXVariantGroup;
			children = (
				80ABB1252435DA5A007E839D /* Base */,
			);
			name = LaunchScreen.storyboard;
			sourceTree = "<group>";
		};
/* End PBXVariantGroup section */

/* Begin XCBuildConfiguration section */
		80ABB1282435DA5A007E839D /* Debug */ = {
			isa = XCBuildConfiguration;
			buildSettings = {
				ALWAYS_SEARCH_USER_PATHS = NO;
				CLANG_ANALYZER_NONNULL = YES;
				CLANG_ANALYZER_NUMBER_OBJECT_CONVERSION = YES_AGGRESSIVE;
				CLANG_CXX_LANGUAGE_STANDARD = "gnu++14";
				CLANG_CXX_LIBRARY = "libc++";
				CLANG_ENABLE_MODULES = YES;
				CLANG_ENABLE_OBJC_ARC = YES;
				CLANG_ENABLE_OBJC_WEAK = YES;
				CLANG_WARN_BLOCK_CAPTURE_AUTORELEASING = YES;
				CLANG_WARN_BOOL_CONVERSION = YES;
				CLANG_WARN_COMMA = YES;
				CLANG_WARN_CONSTANT_CONVERSION = YES;
				CLANG_WARN_DEPRECATED_OBJC_IMPLEMENTATIONS = YES;
				CLANG_WARN_DIRECT_OBJC_ISA_USAGE = YES_ERROR;
				CLANG_WARN_DOCUMENTATION_COMMENTS = YES;
				CLANG_WARN_EMPTY_BODY = YES;
				CLANG_WARN_ENUM_CONVERSION = YES;
				CLANG_WARN_INFINITE_RECURSION = YES;
				CLANG_WARN_INT_CONVERSION = YES;
				CLANG_WARN_NON_LITERAL_NULL_CONVERSION = YES;
				CLANG_WARN_OBJC_IMPLICIT_RETAIN_SELF = YES;
				CLANG_WARN_OBJC_LITERAL_CONVERSION = YES;
				CLANG_WARN_OBJC_ROOT_CLASS = YES_ERROR;
				CLANG_WARN_RANGE_LOOP_ANALYSIS = YES;
				CLANG_WARN_STRICT_PROTOTYPES = YES;
				CLANG_WARN_SUSPICIOUS_MOVE = YES;
				CLANG_WARN_UNGUARDED_AVAILABILITY = YES_AGGRESSIVE;
				CLANG_WARN_UNREACHABLE_CODE = YES;
				CLANG_WARN__DUPLICATE_METHOD_MATCH = YES;
				COPY_PHASE_STRIP = NO;
				DEBUG_INFORMATION_FORMAT = dwarf;
				ENABLE_STRICT_OBJC_MSGSEND = YES;
				ENABLE_TESTABILITY = YES;
				GCC_C_LANGUAGE_STANDARD = gnu11;
				GCC_DYNAMIC_NO_PIC = NO;
				GCC_NO_COMMON_BLOCKS = YES;
				GCC_OPTIMIZATION_LEVEL = 0;
				GCC_PREPROCESSOR_DEFINITIONS = (
					"DEBUG=1",
					"$(inherited)",
				);
				GCC_WARN_64_TO_32_BIT_CONVERSION = YES;
				GCC_WARN_ABOUT_RETURN_TYPE = YES_ERROR;
				GCC_WARN_UNDECLARED_SELECTOR = YES;
				GCC_WARN_UNINITIALIZED_AUTOS = YES_AGGRESSIVE;
				GCC_WARN_UNUSED_FUNCTION = YES;
				GCC_WARN_UNUSED_VARIABLE = YES;
				IPHONEOS_DEPLOYMENT_TARGET = 13.1;
				MTL_ENABLE_DEBUG_INFO = INCLUDE_SOURCE;
				MTL_FAST_MATH = YES;
				ONLY_ACTIVE_ARCH = YES;
				SDKROOT = iphoneos;
				SWIFT_ACTIVE_COMPILATION_CONDITIONS = DEBUG;
				SWIFT_OPTIMIZATION_LEVEL = "-Onone";
			};
			name = Debug;
		};
		80ABB1292435DA5A007E839D /* Release */ = {
			isa = XCBuildConfiguration;
			buildSettings = {
				ALWAYS_SEARCH_USER_PATHS = NO;
				CLANG_ANALYZER_NONNULL = YES;
				CLANG_ANALYZER_NUMBER_OBJECT_CONVERSION = YES_AGGRESSIVE;
				CLANG_CXX_LANGUAGE_STANDARD = "gnu++14";
				CLANG_CXX_LIBRARY = "libc++";
				CLANG_ENABLE_MODULES = YES;
				CLANG_ENABLE_OBJC_ARC = YES;
				CLANG_ENABLE_OBJC_WEAK = YES;
				CLANG_WARN_BLOCK_CAPTURE_AUTORELEASING = YES;
				CLANG_WARN_BOOL_CONVERSION = YES;
				CLANG_WARN_COMMA = YES;
				CLANG_WARN_CONSTANT_CONVERSION = YES;
				CLANG_WARN_DEPRECATED_OBJC_IMPLEMENTATIONS = YES;
				CLANG_WARN_DIRECT_OBJC_ISA_USAGE = YES_ERROR;
				CLANG_WARN_DOCUMENTATION_COMMENTS = YES;
				CLANG_WARN_EMPTY_BODY = YES;
				CLANG_WARN_ENUM_CONVERSION = YES;
				CLANG_WARN_INFINITE_RECURSION = YES;
				CLANG_WARN_INT_CONVERSION = YES;
				CLANG_WARN_NON_LITERAL_NULL_CONVERSION = YES;
				CLANG_WARN_OBJC_IMPLICIT_RETAIN_SELF = YES;
				CLANG_WARN_OBJC_LITERAL_CONVERSION = YES;
				CLANG_WARN_OBJC_ROOT_CLASS = YES_ERROR;
				CLANG_WARN_RANGE_LOOP_ANALYSIS = YES;
				CLANG_WARN_STRICT_PROTOTYPES = YES;
				CLANG_WARN_SUSPICIOUS_MOVE = YES;
				CLANG_WARN_UNGUARDED_AVAILABILITY = YES_AGGRESSIVE;
				CLANG_WARN_UNREACHABLE_CODE = YES;
				CLANG_WARN__DUPLICATE_METHOD_MATCH = YES;
				COPY_PHASE_STRIP = NO;
				DEBUG_INFORMATION_FORMAT = "dwarf-with-dsym";
				ENABLE_NS_ASSERTIONS = NO;
				ENABLE_STRICT_OBJC_MSGSEND = YES;
				GCC_C_LANGUAGE_STANDARD = gnu11;
				GCC_NO_COMMON_BLOCKS = YES;
				GCC_WARN_64_TO_32_BIT_CONVERSION = YES;
				GCC_WARN_ABOUT_RETURN_TYPE = YES_ERROR;
				GCC_WARN_UNDECLARED_SELECTOR = YES;
				GCC_WARN_UNINITIALIZED_AUTOS = YES_AGGRESSIVE;
				GCC_WARN_UNUSED_FUNCTION = YES;
				GCC_WARN_UNUSED_VARIABLE = YES;
				IPHONEOS_DEPLOYMENT_TARGET = 13.1;
				MTL_ENABLE_DEBUG_INFO = NO;
				MTL_FAST_MATH = YES;
				SDKROOT = iphoneos;
				SWIFT_COMPILATION_MODE = wholemodule;
				SWIFT_OPTIMIZATION_LEVEL = "-O";
				VALIDATE_PRODUCT = YES;
			};
			name = Release;
		};
		80ABB12B2435DA5A007E839D /* Debug */ = {
			isa = XCBuildConfiguration;
			buildSettings = {
				ASSETCATALOG_COMPILER_APPICON_NAME = AppIcon;
				CODE_SIGN_STYLE = Automatic;
				DEVELOPMENT_TEAM = GLWCRSS83U;
				INFOPLIST_FILE = BgTasks/Info.plist;
				LD_RUNPATH_SEARCH_PATHS = (
					"$(inherited)",
					"@executable_path/Frameworks",
				);
				PRODUCT_BUNDLE_IDENTIFIER = com.jc.BgTasks;
				PRODUCT_NAME = "$(TARGET_NAME)";
				SWIFT_VERSION = 5.0;
				TARGETED_DEVICE_FAMILY = "1,2";
			};
			name = Debug;
		};
		80ABB12C2435DA5A007E839D /* Release */ = {
			isa = XCBuildConfiguration;
			buildSettings = {
				ASSETCATALOG_COMPILER_APPICON_NAME = AppIcon;
				CODE_SIGN_STYLE = Automatic;
				DEVELOPMENT_TEAM = GLWCRSS83U;
				INFOPLIST_FILE = BgTasks/Info.plist;
				LD_RUNPATH_SEARCH_PATHS = (
					"$(inherited)",
					"@executable_path/Frameworks",
				);
				PRODUCT_BUNDLE_IDENTIFIER = com.jc.BgTasks;
				PRODUCT_NAME = "$(TARGET_NAME)";
				SWIFT_VERSION = 5.0;
				TARGETED_DEVICE_FAMILY = "1,2";
			};
			name = Release;
		};
/* End XCBuildConfiguration section */

/* Begin XCConfigurationList section */
		80ABB1112435DA58007E839D /* Build configuration list for PBXProject "BgTasks" */ = {
			isa = XCConfigurationList;
			buildConfigurations = (
				80ABB1282435DA5A007E839D /* Debug */,
				80ABB1292435DA5A007E839D /* Release */,
			);
			defaultConfigurationIsVisible = 0;
			defaultConfigurationName = Release;
		};
		80ABB12A2435DA5A007E839D /* Build configuration list for PBXNativeTarget "BgTasks" */ = {
			isa = XCConfigurationList;
			buildConfigurations = (
				80ABB12B2435DA5A007E839D /* Debug */,
				80ABB12C2435DA5A007E839D /* Release */,
			);
			defaultConfigurationIsVisible = 0;
			defaultConfigurationName = Release;
		};
/* End XCConfigurationList section */
	};
	rootObject = 80ABB10E2435DA58007E839D /* Project object */;
}
